
Microsoft Visual Studio Solution File, Format Version 12.00
# Visual Studio Version 16
VisualStudioVersion = 16.0.30128.74
MinimumVisualStudioVersion = 10.0.40219.1
Project("{9A19103F-16F7-4668-BE54-9A1E7A4F7556}") = "ToolbeltUtilities", "ToolbeltUtilities\ToolbeltUtilities.csproj", "{9788A42C-3F1D-4C0E-B721-BE49759B5E62}"
EndProject
Project("{9A19103F-16F7-4668-BE54-9A1E7A4F7556}") = "ToolbeltUtilities.DataAccess", "ToolbeltUtilities.DataAccess\ToolbeltUtilities.DataAccess.csproj", "{6B497D08-A2DE-4694-9FFB-5F4C8257BF69}"
EndProject
Project("{9A19103F-16F7-4668-BE54-9A1E7A4F7556}") = "ToolbeltUtilities.IDataAccess", "ToolbeltUtilities.IDataAccess\ToolbeltUtilities.IDataAccess.csproj", "{38BB74CB-F651-4490-86CC-5CFF840F9D58}"
EndProject
Project("{9A19103F-16F7-4668-BE54-9A1E7A4F7556}") = "ToolbeltUtilities.Common", "ToolbeltUtilities.Common\ToolbeltUtilities.Common.csproj", "{240687D4-7759-4224-9E85-A42AC3CB279E}"
EndProject
Global
	GlobalSection(SolutionConfigurationPlatforms) = preSolution
		Debug|Any CPU = Debug|Any CPU
		Debug|x86 = Debug|x86
		Release|Any CPU = Release|Any CPU
		Release|x86 = Release|x86
	EndGlobalSection
	GlobalSection(ProjectConfigurationPlatforms) = postSolution
		{9788A42C-3F1D-4C0E-B721-BE49759B5E62}.Debug|Any CPU.ActiveCfg = Debug|Any CPU
		{9788A42C-3F1D-4C0E-B721-BE49759B5E62}.Debug|Any CPU.Build.0 = Debug|Any CPU
		{9788A42C-3F1D-4C0E-B721-BE49759B5E62}.Debug|x86.ActiveCfg = Debug|Any CPU
		{9788A42C-3F1D-4C0E-B721-BE49759B5E62}.Debug|x86.Build.0 = Debug|Any CPU
		{9788A42C-3F1D-4C0E-B721-BE49759B5E62}.Release|Any CPU.ActiveCfg = Release|Any CPU
		{9788A42C-3F1D-4C0E-B721-BE49759B5E62}.Release|Any CPU.Build.0 = Release|Any CPU
		{9788A42C-3F1D-4C0E-B721-BE49759B5E62}.Release|x86.ActiveCfg = Release|Any CPU
		{9788A42C-3F1D-4C0E-B721-BE49759B5E62}.Release|x86.Build.0 = Release|Any CPU
		{6B497D08-A2DE-4694-9FFB-5F4C8257BF69}.Debug|Any CPU.ActiveCfg = Debug|Any CPU
		{6B497D08-A2DE-4694-9FFB-5F4C8257BF69}.Debug|Any CPU.Build.0 = Debug|Any CPU
		{6B497D08-A2DE-4694-9FFB-5F4C8257BF69}.Debug|x86.ActiveCfg = Debug|Any CPU
		{6B497D08-A2DE-4694-9FFB-5F4C8257BF69}.Debug|x86.Build.0 = Debug|Any CPU
		{6B497D08-A2DE-4694-9FFB-5F4C8257BF69}.Release|Any CPU.ActiveCfg = Release|Any CPU
		{6B497D08-A2DE-4694-9FFB-5F4C8257BF69}.Release|Any CPU.Build.0 = Release|Any CPU
		{6B497D08-A2DE-4694-9FFB-5F4C8257BF69}.Release|x86.ActiveCfg = Release|Any CPU
		{6B497D08-A2DE-4694-9FFB-5F4C8257BF69}.Release|x86.Build.0 = Release|Any CPU
		{38BB74CB-F651-4490-86CC-5CFF840F9D58}.Debug|Any CPU.ActiveCfg = Debug|Any CPU
		{38BB74CB-F651-4490-86CC-5CFF840F9D58}.Debug|Any CPU.Build.0 = Debug|Any CPU
		{38BB74CB-F651-4490-86CC-5CFF840F9D58}.Debug|x86.ActiveCfg = Debug|Any CPU
		{38BB74CB-F651-4490-86CC-5CFF840F9D58}.Debug|x86.Build.0 = Debug|Any CPU
		{38BB74CB-F651-4490-86CC-5CFF840F9D58}.Release|Any CPU.ActiveCfg = Release|Any CPU
		{38BB74CB-F651-4490-86CC-5CFF840F9D58}.Release|Any CPU.Build.0 = Release|Any CPU
		{38BB74CB-F651-4490-86CC-5CFF840F9D58}.Release|x86.ActiveCfg = Release|Any CPU
		{38BB74CB-F651-4490-86CC-5CFF840F9D58}.Release|x86.Build.0 = Release|Any CPU
		{240687D4-7759-4224-9E85-A42AC3CB279E}.Debug|Any CPU.ActiveCfg = Debug|Any CPU
		{240687D4-7759-4224-9E85-A42AC3CB279E}.Debug|Any CPU.Build.0 = Debug|Any CPU
		{240687D4-7759-4224-9E85-A42AC3CB279E}.Debug|x86.ActiveCfg = Debug|Any CPU
		{240687D4-7759-4224-9E85-A42AC3CB279E}.Debug|x86.Build.0 = Debug|Any CPU
		{240687D4-7759-4224-9E85-A42AC3CB279E}.Release|Any CPU.ActiveCfg = Release|Any CPU
		{240687D4-7759-4224-9E85-A42AC3CB279E}.Release|Any CPU.Build.0 = Release|Any CPU
		{240687D4-7759-4224-9E85-A42AC3CB279E}.Release|x86.ActiveCfg = Release|Any CPU
		{240687D4-7759-4224-9E85-A42AC3CB279E}.Release|x86.Build.0 = Release|Any CPU
	EndGlobalSection
	GlobalSection(SolutionProperties) = preSolution
		HideSolutionNode = FALSE
	EndGlobalSection
	GlobalSection(ExtensibilityGlobals) = postSolution
		SolutionGuid = {2F94380A-5CD6-4BCA-A13E-1FB2752EDDDF}
	EndGlobalSection
EndGlobal
